hash: 1fc26537ec5042f6e258c4fc329a8e03ab7dfc9bce49e7fe44f30362bcfd9df0
updated: 2019-08-12T18:46:20.865154292+02:00
imports:
- name: github.com/alecthomas/kingpin
  version: 947dcec5ba9c011838740e680966fd7087a71d0d
- name: github.com/alecthomas/template
  version: fb15b899a75114aa79cc930e33c46b577cc664b1
  subpackages:
  - parse
- name: github.com/alecthomas/units
  version: c3de453c63f4bdb4dadffab9805ec00426c505f7
- name: github.com/beorn7/perks
  version: 37c8de3658fcb183f997c4e13e8337516ab753e6
  subpackages:
  - quantile
- name: github.com/cactus/go-statsd-client
  version: 5089fcbbe53257711ef03ed9e8dc0b722c86ab73
  subpackages:
  - statsd
- name: github.com/davecgh/go-spew
  version: d8f796af33cc11cb798c1aaeb27a4ebc5099927d
  subpackages:
  - spew
- name: github.com/gogo/protobuf
  version: c0656edd0d9eab7c66d1eb0c568f9039345796f7
  subpackages:
  - proto
  - sortkeys
- name: github.com/golang/glog
  version: 44145f04b68cf362d9c4df2182967c2275eaefed
- name: github.com/golang/mock
  version: dd8d2a22370e4c8a334e80ca8477f71356c8e4bb
  subpackages:
  - gomock
- name: github.com/golang/protobuf
  version: 4c88cc3f1a34ffade77b79abc53335d1e511f25b
  subpackages:
  - proto
- name: github.com/google/gofuzz
  version: 44d81051d367757e1c7c6a5a86423ece9afcf63c
- name: github.com/klauspost/compress
  version: 730c27ae0bdd9d93c68172603ad47d02f844aaf0
  subpackages:
  - flate
  - gzip
  - zlib
- name: github.com/klauspost/cpuid
  version: cf2ded4aa83357cbc18366e6e1c64eda3c26eaf2
- name: github.com/konsorten/go-windows-terminal-sequences
  version: f55edac94c9bbba5d6182a4be46d86a2c9b5b50e
- name: github.com/matttproud/golang_protobuf_extensions
  version: c182affec369e30f25d3eb8cd8a478dee585ae7d
  subpackages:
  - pbutil
- name: github.com/percona/pmgo
  version: 497d06e28f910fbe26d5d60f59d36284a6901c6f
  subpackages:
  - pmgomock
- name: github.com/pmezard/go-difflib
  version: 5d4384ee4fb2527b0a1256a821ebfc92f91efefc
  subpackages:
  - difflib
- name: github.com/prometheus/client_golang
  version: 2641b987480bca71fb39738eb8c8b0d577cb1d76
  subpackages:
  - prometheus
  - prometheus/internal
  - prometheus/promhttp
- name: github.com/prometheus/client_model
  version: 14fe0d1b01d4d5fc031dd4bec1823bd3ebbe8016
  subpackages:
  - go
- name: github.com/prometheus/common
  version: 637d7c34db122e2d1a25d061423098663758d2d3
  subpackages:
  - expfmt
  - internal/bitbucket.org/ww/goautoneg
  - model
- name: github.com/prometheus/procfs
  version: e6a2613cd6b5963e75dfbccd30f893c2291648fd
  subpackages:
  - internal/fs
  - internal/util
- name: github.com/Robpol86/logrus-custom-formatter
  version: caa5f22e3c67a91f0df5ab001c8cff5f41773864
  repo: https://github.com/ranhuan/logrus-custom-formatter
- name: github.com/scullxbones/mgo-statsd
  version: 80350e71822057dec1b2f7a63276e2da510c7384
  subpackages:
  - .
- name: github.com/sirupsen/logrus
  version: ad15b42461921f1fb3529b058c6786c6a45d5162
- name: github.com/stretchr/objx
  version: 35313a95ee26395aa17d366c71a2ccf788fa69b6
- name: github.com/stretchr/testify
  version: 221dbe5ed46703ee255b1da0dec05086f5035f62
  subpackages:
  - assert
  - mock
- name: github.com/timvaillancourt/go-mongodb-config
  version: 5a5cc09294194d910bfc30033fed3a82cb798cf1
  subpackages:
  - config
- name: github.com/timvaillancourt/go-mongodb-replset
  version: 173aaa3b66aff9a03babec116e1f5a2570b8e4be
  subpackages:
  - config
  - status
- name: github.com/valyala/bytebufferpool
  version: cdfbe9377474227bb42120c1e22fd4433e7f69bf
- name: github.com/valyala/fasthttp
  version: e5f51c11919d4f66400334047b897ef0a94c6f3c
  subpackages:
  - fasthttputil
  - stackless
- name: github.com/vharitonsky/iniflags
  version: a33cd0b5f3de9ef5e89c90ab2f1ebe3f71ad1ece
- name: golang.org/x/crypto
  version: 4def268fd1a49955bfb3dda92fe3db4f924f2285
  subpackages:
  - ssh/terminal
- name: golang.org/x/net
  version: 1c05540f6879653db88113bc4a2b70aec4bd491f
  subpackages:
  - context
  - http2
  - http2/hpack
  - idna
  - lex/httplex
- name: golang.org/x/sys
  version: 9eafafc0a87e0fd0aeeba439a4573537970c44c7
  subpackages:
  - unix
  - windows
- name: golang.org/x/text
  version: b19bf474d317b857955b12035d2c5acb57ce8b01
  subpackages:
  - secure/bidirule
  - transform
  - unicode/bidi
  - unicode/norm
- name: gopkg.in/inf.v0
  version: 3887ee99ecf07df5b447e9b00d9c0b2adaa9f3e4
- name: gopkg.in/mgo.v2
  version: 9856a29383ce1c59f308dd1cf0363a79b5bef6b5
  subpackages:
  - bson
  - dbtest
  - internal/json
  - internal/sasl
  - internal/scram
- name: gopkg.in/tomb.v2
  version: d5d1b5820637886def9eef33e03a27a9f166942c
- name: gopkg.in/yaml.v2
  version: 51d6538a90f86fe93ac480b35f37b2be17fef232
- name: k8s.io/api
  version: 37c5ce6f2f592fbbd798bb86a8814d0918b3abe1
  subpackages:
  - apps/v1
  - core/v1
- name: k8s.io/apimachinery
  version: 8ee1a638bafa4ae9691077e690cb45dd54f45111
  subpackages:
  - pkg/api/resource
  - pkg/apis/meta/v1
  - pkg/conversion
  - pkg/conversion/queryparams
  - pkg/fields
  - pkg/labels
  - pkg/runtime
  - pkg/runtime/schema
  - pkg/selection
  - pkg/types
  - pkg/util/errors
  - pkg/util/intstr
  - pkg/util/json
  - pkg/util/net
  - pkg/util/runtime
  - pkg/util/sets
  - pkg/util/validation
  - pkg/util/validation/field
  - pkg/util/wait
  - pkg/watch
  - third_party/forked/golang/reflect
testImports:
- name: github.com/mitchellh/go-ps
  version: 621e5597135b1d14a7d9c2bfc7bc312e7c58463c
